
Microsoft Visual Studio Solution File, Format Version 12.00
# Visual Studio Version 17
VisualStudioVersion = 17.9.34728.123
MinimumVisualStudioVersion = 10.0.40219.1
Project("{FAE04EC0-301F-11D3-BF4B-00C04F79EFBC}") = "Asoft.ERP.API", "Asoft.ERP.API\Asoft.ERP.API.csproj", "{D75583BA-A68A-4865-BF2D-9D08F8679EB9}"
EndProject
Project("{FAE04EC0-301F-11D3-BF4B-00C04F79EFBC}") = "Asoft.ERP.BusinessObjects", "Asoft.ERP.BusinessObjects\Asoft.ERP.BusinessObjects.csproj", "{D475A2AE-BA2F-4F48-8504-7C49C6905919}"
EndProject
Project("{FAE04EC0-301F-11D3-BF4B-00C04F79EFBC}") = "Asoft.ERP.Repositories", "Asoft.ERP.Repository\Asoft.ERP.Repositories.csproj", "{A8BCD114-1AA7-4535-A699-DE86950CE17C}"
EndProject
Project("{FAE04EC0-301F-11D3-BF4B-00C04F79EFBC}") = "Asoft.ERP.Services", "Asoft.ERP.Services\Asoft.ERP.Services.csproj", "{28ACC4D6-726C-4872-8DCF-CB768B634625}"
EndProject
Global
	GlobalSection(SolutionConfigurationPlatforms) = preSolution
		Debug|Any CPU = Debug|Any CPU
		Release|Any CPU = Release|Any CPU
	EndGlobalSection
	GlobalSection(ProjectConfigurationPlatforms) = postSolution
		{D75583BA-A68A-4865-BF2D-9D08F8679EB9}.Debug|Any CPU.ActiveCfg = Debug|Any CPU
		{D75583BA-A68A-4865-BF2D-9D08F8679EB9}.Debug|Any CPU.Build.0 = Debug|Any CPU
		{D75583BA-A68A-4865-BF2D-9D08F8679EB9}.Release|Any CPU.ActiveCfg = Release|Any CPU
		{D75583BA-A68A-4865-BF2D-9D08F8679EB9}.Release|Any CPU.Build.0 = Release|Any CPU
		{D475A2AE-BA2F-4F48-8504-7C49C6905919}.Debug|Any CPU.ActiveCfg = Debug|Any CPU
		{D475A2AE-BA2F-4F48-8504-7C49C6905919}.Debug|Any CPU.Build.0 = Debug|Any CPU
		{D475A2AE-BA2F-4F48-8504-7C49C6905919}.Release|Any CPU.ActiveCfg = Release|Any CPU
		{D475A2AE-BA2F-4F48-8504-7C49C6905919}.Release|Any CPU.Build.0 = Release|Any CPU
		{A8BCD114-1AA7-4535-A699-DE86950CE17C}.Debug|Any CPU.ActiveCfg = Debug|Any CPU
		{A8BCD114-1AA7-4535-A699-DE86950CE17C}.Debug|Any CPU.Build.0 = Debug|Any CPU
		{A8BCD114-1AA7-4535-A699-DE86950CE17C}.Release|Any CPU.ActiveCfg = Release|Any CPU
		{A8BCD114-1AA7-4535-A699-DE86950CE17C}.Release|Any CPU.Build.0 = Release|Any CPU
		{28ACC4D6-726C-4872-8DCF-CB768B634625}.Debug|Any CPU.ActiveCfg = Debug|Any CPU
		{28ACC4D6-726C-4872-8DCF-CB768B634625}.Debug|Any CPU.Build.0 = Debug|Any CPU
		{28ACC4D6-726C-4872-8DCF-CB768B634625}.Release|Any CPU.ActiveCfg = Release|Any CPU
		{28ACC4D6-726C-4872-8DCF-CB768B634625}.Release|Any CPU.Build.0 = Release|Any CPU
	EndGlobalSection
	GlobalSection(SolutionProperties) = preSolution
		HideSolutionNode = FALSE
	EndGlobalSection
	GlobalSection(ExtensibilityGlobals) = postSolution
		SolutionGuid = {AC646ADA-B53B-4C3D-B767-39FF29AB1987}
	EndGlobalSection
EndGlobal
